{
  "name": "the craftboys",
  "lockfileVersion": 3,
  "requires": true,
  "packages": {
    "": {
      "dependencies": {
        "gsap": "file:gsap-bonus.tgz"
      }
    },
    "node_modules/gsap": {
      "version": "3.11.4",
      "resolved": "file:gsap-bonus.tgz",
      "integrity": "sha512-Hf+EDzRwsDFjG9QURGQZLNlY0rGny/X3cNcSqKBgk2qUZyMX+Qx44YuPav/UZDosDiUfaBXgPEzV/JU3yAE/GA==",
      "license": "Standard 'no charge' license: https://greensock.com/standard-license. Club GreenSock members get more: https://greensock.com/licensing/. Why GreenSock doesn't employ an MIT license: https://greensock.com/why-license/"
    }
  }
}
